Microsoft Visual Studio Solution File, Format Version 12.00
# Visual Studio Version 17
VisualStudioVersion = 17.5.2.0
MinimumVisualStudioVersion = 16.0.40219.1
Project("{9A19103F-16F7-4668-BE54-9A1E7A4F7556}") = "FocusModern", "FocusModern.csproj", "{99F2F294-2559-742F-220E-5B0F1074B310}"
EndProject
Global
	GlobalSection(SolutionConfigurationPlatforms) = preSolution
		Debug|Any CPU = Debug|Any CPU
		Release|Any CPU = Release|Any CPU
	EndGlobalSection
	GlobalSection(ProjectConfigurationPlatforms) = postSolution
		{99F2F294-2559-742F-220E-5B0F1074B310}.Debug|Any CPU.ActiveCfg = Debug|Any CPU
		{99F2F294-2559-742F-220E-5B0F1074B310}.Debug|Any CPU.Build.0 = Debug|Any CPU
		{99F2F294-2559-742F-220E-5B0F1074B310}.Release|Any CPU.ActiveCfg = Release|Any CPU
		{99F2F294-2559-742F-220E-5B0F1074B310}.Release|Any CPU.Build.0 = Release|Any CPU
	EndGlobalSection
	GlobalSection(SolutionProperties) = preSolution
		HideSolutionNode = FALSE
	EndGlobalSection
	GlobalSection(ExtensibilityGlobals) = postSolution
		SolutionGuid = {EAE01B96-0034-4601-BF17-21C7CFA2A67E}
	EndGlobalSection
EndGlobal

