{
  "version": 1,
  "dependencies": {
    "net8.0-windows7.0": {
      "System.Configuration.ConfigurationManager": {
        "type": "Direct",
        "requested": "[8.0.0, )",
        "resolved": "8.0.0",
        "contentHash": "JlYi9XVvIREURRUlGMr1F6vOFLk7YSY4p1vHo4kX3tQ0AGrjqlRWHDi66ImHhy6qwXBG3BJ6Y1QlYQ+Qz6Xgww==",
        "dependencies": {
          "System.Diagnostics.EventLog": "8.0.0",
          "System.Security.Cryptography.ProtectedData": "8.0.0"
        }
      },
      "System.Data.SQLite.Core": {
        "type": "Direct",
        "requested": "[1.0.118, )",
        "resolved": "1.0.118",
        "contentHash": "2V1PsfBeqWlZxF/VtB8lQKPfDBayCU8zD5Xc3Mq7cILOa2ZqpPDSwMP0fTfk1gtGSStSk//DxKiGy6zwCQs7Uw==",
        "dependencies": {
          "Stub.System.Data.SQLite.Core.NetStandard": "[1.0.118]"
        }
      },
      "Stub.System.Data.SQLite.Core.NetStandard": {
        "type": "Transitive",
        "resolved": "1.0.118",
        "contentHash": "4TS8IZvDj0ud6utxfXI6zv9Ditk4U9Kt9KqLyAIQGcU3GXp5oGBHgGZifq+APcqRCayuN/MSE8t9ZZmygtU28A=="
      },
      "System.Diagnostics.EventLog": {
        "type": "Transitive",
        "resolved": "8.0.0",
        "contentHash": "fdYxcRjQqTTacKId/2IECojlDSFvp7LP5N78+0z/xH7v/Tuw5ZAxu23Y6PTCRinqyu2ePx+Gn1098NC6jM6d+A=="
      },
      "System.Security.Cryptography.ProtectedData": {
        "type": "Transitive",
        "resolved": "8.0.0",
        "contentHash": "+TUFINV2q2ifyXauQXRwy4CiBhqvDEDZeVJU7qfxya4aRYOKzVBpN+4acx25VcPB9ywUN6C0n8drWl110PhZEg=="
      }
    }
  }
}